
Microsoft Visual Studio Solution File, Format Version 12.00
# Visual Studio Version 17
VisualStudioVersion = 17.0.31808.319
MinimumVisualStudioVersion = 10.0.40219.1
Project("{2150E333-8FDC-42A3-9474-1A3956D46DE8}") = "src", "src", "{8B5BCF76-E885-4360-995F-D96A65D11766}"
EndProject
Project("{9A19103F-16F7-4668-BE54-9A1E7A4F7556}") = "Catalogo.API", "src\Catalogo.API\Catalogo.API.csproj", "{4DF85AF2-421F-486F-8687-4BF508517826}"
EndProject
Project("{9A19103F-16F7-4668-BE54-9A1E7A4F7556}") = "Catalogo.Domain", "src\Catalogo.Domain\Catalogo.Domain.csproj", "{6D1A7A85-0A9A-4C43-8BCF-E363AB649902}"
EndProject
Project("{9A19103F-16F7-4668-BE54-9A1E7A4F7556}") = "Catalogo.Infrastructure", "src\Catalogo.Infrastructure\Catalogo.Infrastructure.csproj", "{AE394A86-FADC-4F2C-9767-579ED39144D3}"
EndProject
Project("{9A19103F-16F7-4668-BE54-9A1E7A4F7556}") = "Catalogo.Service", "src\Catalogo.Services\Catalogo.Service.csproj", "{2DAF5D66-8A47-4CA1-A36C-DBC0C7C1DC91}"
EndProject
Global
	GlobalSection(SolutionConfigurationPlatforms) = preSolution
		Debug|Any CPU = Debug|Any CPU
		Release|Any CPU = Release|Any CPU
	EndGlobalSection
	GlobalSection(ProjectConfigurationPlatforms) = postSolution
		{4DF85AF2-421F-486F-8687-4BF508517826}.Debug|Any CPU.ActiveCfg = Debug|Any CPU
		{4DF85AF2-421F-486F-8687-4BF508517826}.Debug|Any CPU.Build.0 = Debug|Any CPU
		{4DF85AF2-421F-486F-8687-4BF508517826}.Release|Any CPU.ActiveCfg = Release|Any CPU
		{4DF85AF2-421F-486F-8687-4BF508517826}.Release|Any CPU.Build.0 = Release|Any CPU
		{6D1A7A85-0A9A-4C43-8BCF-E363AB649902}.Debug|Any CPU.ActiveCfg = Debug|Any CPU
		{6D1A7A85-0A9A-4C43-8BCF-E363AB649902}.Debug|Any CPU.Build.0 = Debug|Any CPU
		{6D1A7A85-0A9A-4C43-8BCF-E363AB649902}.Release|Any CPU.ActiveCfg = Release|Any CPU
		{6D1A7A85-0A9A-4C43-8BCF-E363AB649902}.Release|Any CPU.Build.0 = Release|Any CPU
		{AE394A86-FADC-4F2C-9767-579ED39144D3}.Debug|Any CPU.ActiveCfg = Debug|Any CPU
		{AE394A86-FADC-4F2C-9767-579ED39144D3}.Debug|Any CPU.Build.0 = Debug|Any CPU
		{AE394A86-FADC-4F2C-9767-579ED39144D3}.Release|Any CPU.ActiveCfg = Release|Any CPU
		{AE394A86-FADC-4F2C-9767-579ED39144D3}.Release|Any CPU.Build.0 = Release|Any CPU
		{2DAF5D66-8A47-4CA1-A36C-DBC0C7C1DC91}.Debug|Any CPU.ActiveCfg = Debug|Any CPU
		{2DAF5D66-8A47-4CA1-A36C-DBC0C7C1DC91}.Debug|Any CPU.Build.0 = Debug|Any CPU
		{2DAF5D66-8A47-4CA1-A36C-DBC0C7C1DC91}.Release|Any CPU.ActiveCfg = Release|Any CPU
		{2DAF5D66-8A47-4CA1-A36C-DBC0C7C1DC91}.Release|Any CPU.Build.0 = Release|Any CPU
	EndGlobalSection
	GlobalSection(SolutionProperties) = preSolution
		HideSolutionNode = FALSE
	EndGlobalSection
	GlobalSection(NestedProjects) = preSolution
		{4DF85AF2-421F-486F-8687-4BF508517826} = {8B5BCF76-E885-4360-995F-D96A65D11766}
		{6D1A7A85-0A9A-4C43-8BCF-E363AB649902} = {8B5BCF76-E885-4360-995F-D96A65D11766}
		{AE394A86-FADC-4F2C-9767-579ED39144D3} = {8B5BCF76-E885-4360-995F-D96A65D11766}
		{2DAF5D66-8A47-4CA1-A36C-DBC0C7C1DC91} = {8B5BCF76-E885-4360-995F-D96A65D11766}
	EndGlobalSection
	GlobalSection(ExtensibilityGlobals) = postSolution
		SolutionGuid = {DFDBE2B8-B0C2-47C6-B51C-B5FF2C08DB2A}
	EndGlobalSection
EndGlobal
